// !$*UTF8*$!
{
	archiveVersion = 1;
	classes = {
	};
	objectVersion = 50;
	objects = {

/* Begin PBXBuildFile section */
		D4162167209B7EFD00192FF2 /* Todo+CoreDataClass.swift in Sources */ = {isa = PBXBuildFile; fileRef = D4162165209B7EFD00192FF2 /* Todo+CoreDataClass.swift */; };
		D4162168209B7EFD00192FF2 /* Todo+CoreDataProperties.swift in Sources */ = {isa = PBXBuildFile; fileRef = D4162166209B7EFD00192FF2 /* Todo+CoreDataProperties.swift */; };
		D4BC590D2095D006004F46FD /* AppDelegate.swift in Sources */ = {isa = PBXBuildFile; fileRef = D4BC590C2095D006004F46FD /* AppDelegate.swift */; };
		D4BC590F2095D006004F46FD /* ViewController.swift in Sources */ = {isa = PBXBuildFile; fileRef = D4BC590E2095D006004F46FD /* ViewController.swift */; };
		D4BC59122095D006004F46FD /* Main.storyboard in Resources */ = {isa = PBXBuildFile; fileRef = D4BC59102095D006004F46FD /* Main.storyboard */; };
		D4BC59152095D006004F46FD /* imobiles.xcdatamodeld in Sources */ = {isa = PBXBuildFile; fileRef = D4BC59132095D006004F46FD /* imobiles.xcdatamodeld */; };
		D4BC59172095D00A004F46FD /* Assets.xcassets in Resources */ = {isa = PBXBuildFile; fileRef = D4BC59162095D00A004F46FD /* Assets.xcassets */; };
		D4BC59222095D42F004F46FD /* ChecklistViewController.swift in Sources */ = {isa = PBXBuildFile; fileRef = D4BC59212095D42F004F46FD /* ChecklistViewController.swift */; };
		D4BC59242095D4D9004F46FD /* ChecklistItem.swift in Sources */ = {isa = PBXBuildFile; fileRef = D4BC59232095D4D9004F46FD /* ChecklistItem.swift */; };
		D4BC59262095D547004F46FD /* ItemDetailV.swift in Sources */ = {isa = PBXBuildFile; fileRef = D4BC59252095D547004F46FD /* ItemDetailV.swift */; };
		D4BC592A2095D7AF004F46FD /* QRCodeViewController.swift in Sources */ = {isa = PBXBuildFile; fileRef = D4BC59292095D7AF004F46FD /* QRCodeViewController.swift */; };
		D4BC592C2095D86B004F46FD /* QRScannerController.swift in Sources */ = {isa = PBXBuildFile; fileRef = D4BC592B2095D86B004F46FD /* QRScannerController.swift */; };
		D4BC592E2095FBF3004F46FD /* Launch Screen.storyboard in Resources */ = {isa = PBXBuildFile; fileRef = D4BC592D2095FBF3004F46FD /* Launch Screen.storyboard */; };
/* End PBXBuildFile section */

/* Begin PBXFileReference section */
		D41621522096163B00192FF2 /* Info.plist */ = {isa = PBXFileReference; fileEncoding = 4; lastKnownFileType = text.plist.xml; path = Info.plist; sourceTree = "<group>"; };
		D4162165209B7EFD00192FF2 /* Todo+CoreDataClass.swift */ = {isa = PBXFileReference; lastKnownFileType = sourcecode.swift; path = "Todo+CoreDataClass.swift"; sourceTree = "<group>"; };
		D4162166209B7EFD00192FF2 /* Todo+CoreDataProperties.swift */ = {isa = PBXFileReference; lastKnownFileType = sourcecode.swift; path = "Todo+CoreDataProperties.swift"; sourceTree = "<group>"; };
		D4BC59092095D006004F46FD /* imobiles.app */ = {isa = PBXFileReference; explicitFileType = wrapper.application; includeInIndex = 0; path = imobiles.app; sourceTree = BUILT_PRODUCTS_DIR; };
		D4BC590C2095D006004F46FD /* AppDelegate.swift */ = {isa = PBXFileReference; lastKnownFileType = sourcecode.swift; path = AppDelegate.swift; sourceTree = "<group>"; };
		D4BC590E2095D006004F46FD /* ViewController.swift */ = {isa = PBXFileReference; lastKnownFileType = sourcecode.swift; path = ViewController.swift; sourceTree = "<group>"; };
		D4BC59112095D006004F46FD /* Base */ = {isa = PBXFileReference; lastKnownFileType = file.storyboard; name = Base; path = Base.lproj/Main.storyboard; sourceTree = "<group>"; };
		D4BC59142095D006004F46FD /* imobiles.xcdatamodel */ = {isa = PBXFileReference; lastKnownFileType = wrapper.xcdatamodel; path = imobiles.xcdatamodel; sourceTree = "<group>"; };
		D4BC59162095D00A004F46FD /* Assets.xcassets */ = {isa = PBXFileReference; lastKnownFileType = folder.assetcatalog; path = Assets.xcassets; sourceTree = "<group>"; };
		D4BC59212095D42F004F46FD /* ChecklistViewController.swift */ = {isa = PBXFileReference; lastKnownFileType = sourcecode.swift; path = ChecklistViewController.swift; sourceTree = "<group>"; };
		D4BC59232095D4D9004F46FD /* ChecklistItem.swift */ = {isa = PBXFileReference; lastKnownFileType = sourcecode.swift; path = ChecklistItem.swift; sourceTree = "<group>"; };
		D4BC59252095D547004F46FD /* ItemDetailV.swift */ = {isa = PBXFileReference; lastKnownFileType = sourcecode.swift; path = ItemDetailV.swift; sourceTree = "<group>"; };
		D4BC59292095D7AF004F46FD /* QRCodeViewController.swift */ = {isa = PBXFileReference; lastKnownFileType = sourcecode.swift; path = QRCodeViewController.swift; sourceTree = "<group>"; };
		D4BC592B2095D86B004F46FD /* QRScannerController.swift */ = {isa = PBXFileReference; lastKnownFileType = sourcecode.swift; path = QRScannerController.swift; sourceTree = "<group>"; };
		D4BC592D2095FBF3004F46FD /* Launch Screen.storyboard */ = {isa = PBXFileReference; lastKnownFileType = file.storyboard; path = "Launch Screen.storyboard"; sourceTree = "<group>"; };
/* End PBXFileReference section */

/* Begin PBXFrameworksBuildPhase section */
		D4BC59062095D006004F46FD /* Frameworks */ = {
			isa = PBXFrameworksBuildPhase;
			buildActionMask = 2147483647;
			files = (
			);
			runOnlyForDeploymentPostprocessing = 0;
		};
/* End PBXFrameworksBuildPhase section */

/* Begin PBXGroup section */
		D4BC59002095D006004F46FD = {
			isa = PBXGroup;
			children = (
				D4162165209B7EFD00192FF2 /* Todo+CoreDataClass.swift */,
				D4162166209B7EFD00192FF2 /* Todo+CoreDataProperties.swift */,
				D4BC590B2095D006004F46FD /* imobiles */,
				D4BC590A2095D006004F46FD /* Products */,
			);
			sourceTree = "<group>";
		};
		D4BC590A2095D006004F46FD /* Products */ = {
			isa = PBXGroup;
			children = (
				D4BC59092095D006004F46FD /* imobiles.app */,
			);
			name = Products;
			sourceTree = "<group>";
		};
		D4BC590B2095D006004F46FD /* imobiles */ = {
			isa = PBXGroup;
			children = (
				D4BC590C2095D006004F46FD /* AppDelegate.swift */,
				D4BC590E2095D006004F46FD /* ViewController.swift */,
				D4BC59212095D42F004F46FD /* ChecklistViewController.swift */,
				D4BC59232095D4D9004F46FD /* ChecklistItem.swift */,
				D4BC59252095D547004F46FD /* ItemDetailV.swift */,
				D4BC59292095D7AF004F46FD /* QRCodeViewController.swift */,
				D4BC592B2095D86B004F46FD /* QRScannerController.swift */,
				D4BC59102095D006004F46FD /* Main.storyboard */,
				D4BC59162095D00A004F46FD /* Assets.xcassets */,
				D4BC592D2095FBF3004F46FD /* Launch Screen.storyboard */,
				D41621522096163B00192FF2 /* Info.plist */,
				D4BC59132095D006004F46FD /* imobiles.xcdatamodeld */,
			);
			path = imobiles;
			sourceTree = "<group>";
		};
/* End PBXGroup section */

/* Begin PBXNativeTarget section */
		D4BC59082095D006004F46FD /* imobiles */ = {
			isa = PBXNativeTarget;
			buildConfigurationList = D4BC591E2095D00A004F46FD /* Build configuration list for PBXNativeTarget "imobiles" */;
			buildPhases = (
				D4BC59052095D006004F46FD /* Sources */,
				D4BC59062095D006004F46FD /* Frameworks */,
				D4BC59072095D006004F46FD /* Resources */,
			);
			buildRules = (
			);
			dependencies = (
			);
			name = imobiles;
			productName = imobiles;
			productReference = D4BC59092095D006004F46FD /* imobiles.app */;
			productType = "com.apple.product-type.application";
		};
/* End PBXNativeTarget section */

/* Begin PBXProject section */
		D4BC59012095D006004F46FD /* Project object */ = {
			isa = PBXProject;
			attributes = {
				LastSwiftUpdateCheck = 0930;
				LastUpgradeCheck = 0930;
				ORGANIZATIONNAME = "Mohamed Sobhi Fouda";
				TargetAttributes = {
					D4BC59082095D006004F46FD = {
						CreatedOnToolsVersion = 9.3;
					};
				};
			};
			buildConfigurationList = D4BC59042095D006004F46FD /* Build configuration list for PBXProject "imobiles" */;
			compatibilityVersion = "Xcode 9.3";
			developmentRegion = en;
			hasScannedForEncodings = 0;
			knownRegions = (
				en,
				Base,
			);
			mainGroup = D4BC59002095D006004F46FD;
			productRefGroup = D4BC590A2095D006004F46FD /* Products */;
			projectDirPath = "";
			projectRoot = "";
			targets = (
				D4BC59082095D006004F46FD /* imobiles */,
			);
		};
/* End PBXProject section */

/* Begin PBXResourcesBuildPhase section */
		D4BC59072095D006004F46FD /* Resources */ = {
			isa = PBXResourcesBuildPhase;
			buildActionMask = 2147483647;
			files = (
				D4BC59172095D00A004F46FD /* Assets.xcassets in Resources */,
				D4BC592E2095FBF3004F46FD /* Launch Screen.storyboard in Resources */,
				D4BC59122095D006004F46FD /* Main.storyboard in Resources */,
			);
			runOnlyForDeploymentPostprocessing = 0;
		};
/* End PBXResourcesBuildPhase section */

/* Begin PBXSourcesBuildPhase section */
		D4BC59052095D006004F46FD /* Sources */ = {
			isa = PBXSourcesBuildPhase;
			buildActionMask = 2147483647;
			files = (
				D4BC590F2095D006004F46FD /* ViewController.swift in Sources */,
				D4BC59242095D4D9004F46FD /* ChecklistItem.swift in Sources */,
				D4BC59222095D42F004F46FD /* ChecklistViewController.swift in Sources */,
				D4BC590D2095D006004F46FD /* AppDelegate.swift in Sources */,
				D4BC59262095D547004F46FD /* ItemDetailV.swift in Sources */,
				D4162167209B7EFD00192FF2 /* Todo+CoreDataClass.swift in Sources */,
				D4BC592C2095D86B004F46FD /* QRScannerController.swift in Sources */,
				D4BC592A2095D7AF004F46FD /* QRCodeViewController.swift in Sources */,
				D4BC59152095D006004F46FD /* imobiles.xcdatamodeld in Sources */,
				D4162168209B7EFD00192FF2 /* Todo+CoreDataProperties.swift in Sources */,
			);
			runOnlyForDeploymentPostprocessing = 0;
		};
/* End PBXSourcesBuildPhase section */

/* Begin PBXVariantGroup section */
		D4BC59102095D006004F46FD /* Main.storyboard */ = {
			isa = PBXVariantGroup;
			children = (
				D4BC59112095D006004F46FD /* Base */,
			);
			name = Main.storyboard;
			sourceTree = "<group>";
		};
/* End PBXVariantGroup section */

/* Begin XCBuildConfiguration section */
		D4BC591C2095D00A004F46FD /* Debug */ = {
			isa = XCBuildConfiguration;
			buildSettings = {
				ALWAYS_SEARCH_USER_PATHS = NO;
				CLANG_ANALYZER_NONNULL = YES;
				CLANG_ANALYZER_NUMBER_OBJECT_CONVERSION = YES_AGGRESSIVE;
				CLANG_CXX_LANGUAGE_STANDARD = "gnu++14";
				CLANG_CXX_LIBRARY = "libc++";
				CLANG_ENABLE_MODULES = YES;
				CLANG_ENABLE_OBJC_ARC = YES;
				CLANG_ENABLE_OBJC_WEAK = YES;
				CLANG_WARN_BLOCK_CAPTURE_AUTORELEASING = YES;
				CLANG_WARN_BOOL_CONVERSION = YES;
				CLANG_WARN_COMMA = YES;
				CLANG_WARN_CONSTANT_CONVERSION = YES;
				CLANG_WARN_DEPRECATED_OBJC_IMPLEMENTATIONS = YES;
				CLANG_WARN_DIRECT_OBJC_ISA_USAGE = YES_ERROR;
				CLANG_WARN_DOCUMENTATION_COMMENTS = YES;
				CLANG_WARN_EMPTY_BODY = YES;
				CLANG_WARN_ENUM_CONVERSION = YES;
				CLANG_WARN_INFINITE_RECURSION = YES;
				CLANG_WARN_INT_CONVERSION = YES;
				CLANG_WARN_NON_LITERAL_NULL_CONVERSION = YES;
				CLANG_WARN_OBJC_IMPLICIT_RETAIN_SELF = YES;
				CLANG_WARN_OBJC_LITERAL_CONVERSION = YES;
				CLANG_WARN_OBJC_ROOT_CLASS = YES_ERROR;
				CLANG_WARN_RANGE_LOOP_ANALYSIS = YES;
				CLANG_WARN_STRICT_PROTOTYPES = YES;
				CLANG_WARN_SUSPICIOUS_MOVE = YES;
				CLANG_WARN_UNGUARDED_AVAILABILITY = YES_AGGRESSIVE;
				CLANG_WARN_UNREACHABLE_CODE = YES;
				CLANG_WARN__DUPLICATE_METHOD_MATCH = YES;
				CODE_SIGN_IDENTITY = "iPhone Developer";
				COPY_PHASE_STRIP = NO;
				DEBUG_INFORMATION_FORMAT = dwarf;
				ENABLE_STRICT_OBJC_MSGSEND = YES;
				ENABLE_TESTABILITY = YES;
				GCC_C_LANGUAGE_STANDARD = gnu11;
				GCC_DYNAMIC_NO_PIC = NO;
				GCC_NO_COMMON_BLOCKS = YES;
				GCC_OPTIMIZATION_LEVEL = 0;
				GCC_PREPROCESSOR_DEFINITIONS = (
					"DEBUG=1",
					"$(inherited)",
				);
				GCC_WARN_64_TO_32_BIT_CONVERSION = YES;
				GCC_WARN_ABOUT_RETURN_TYPE = YES_ERROR;
				GCC_WARN_UNDECLARED_SELECTOR = YES;
				GCC_WARN_UNINITIALIZED_AUTOS = YES_AGGRESSIVE;
				GCC_WARN_UNUSED_FUNCTION = YES;
				GCC_WARN_UNUSED_VARIABLE = YES;
				IPHONEOS_DEPLOYMENT_TARGET = 11.3;
				MTL_ENABLE_DEBUG_INFO = YES;
				ONLY_ACTIVE_ARCH = YES;
				SDKROOT = iphoneos;
				SWIFT_ACTIVE_COMPILATION_CONDITIONS = DEBUG;
				SWIFT_OPTIMIZATION_LEVEL = "-Onone";
			};
			name = Debug;
		};
		D4BC591D2095D00A004F46FD /* Release */ = {
			isa = XCBuildConfiguration;
			buildSettings = {
				ALWAYS_SEARCH_USER_PATHS = NO;
				CLANG_ANALYZER_NONNULL = YES;
				CLANG_ANALYZER_NUMBER_OBJECT_CONVERSION = YES_AGGRESSIVE;
				CLANG_CXX_LANGUAGE_STANDARD = "gnu++14";
				CLANG_CXX_LIBRARY = "libc++";
				CLANG_ENABLE_MODULES = YES;
				CLANG_ENABLE_OBJC_ARC = YES;
				CLANG_ENABLE_OBJC_WEAK = YES;
				CLANG_WARN_BLOCK_CAPTURE_AUTORELEASING = YES;
				CLANG_WARN_BOOL_CONVERSION = YES;
				CLANG_WARN_COMMA = YES;
				CLANG_WARN_CONSTANT_CONVERSION = YES;
				CLANG_WARN_DEPRECATED_OBJC_IMPLEMENTATIONS = YES;
				CLANG_WARN_DIRECT_OBJC_ISA_USAGE = YES_ERROR;
				CLANG_WARN_DOCUMENTATION_COMMENTS = YES;
				CLANG_WARN_EMPTY_BODY = YES;
				CLANG_WARN_ENUM_CONVERSION = YES;
				CLANG_WARN_INFINITE_RECURSION = YES;
				CLANG_WARN_INT_CONVERSION = YES;
				CLANG_WARN_NON_LITERAL_NULL_CONVERSION = YES;
				CLANG_WARN_OBJC_IMPLICIT_RETAIN_SELF = YES;
				CLANG_WARN_OBJC_LITERAL_CONVERSION = YES;
				CLANG_WARN_OBJC_ROOT_CLASS = YES_ERROR;
				CLANG_WARN_RANGE_LOOP_ANALYSIS = YES;
				CLANG_WARN_STRICT_PROTOTYPES = YES;
				CLANG_WARN_SUSPICIOUS_MOVE = YES;
				CLANG_WARN_UNGUARDED_AVAILABILITY = YES_AGGRESSIVE;
				CLANG_WARN_UNREACHABLE_CODE = YES;
				CLANG_WARN__DUPLICATE_METHOD_MATCH = YES;
				CODE_SIGN_IDENTITY = "iPhone Developer";
				COPY_PHASE_STRIP = NO;
				DEBUG_INFORMATION_FORMAT = "dwarf-with-dsym";
				ENABLE_NS_ASSERTIONS = NO;
				ENABLE_STRICT_OBJC_MSGSEND = YES;
				GCC_C_LANGUAGE_STANDARD = gnu11;
				GCC_NO_COMMON_BLOCKS = YES;
				GCC_WARN_64_TO_32_BIT_CONVERSION = YES;
				GCC_WARN_ABOUT_RETURN_TYPE = YES_ERROR;
				GCC_WARN_UNDECLARED_SELECTOR = YES;
				GCC_WARN_UNINITIALIZED_AUTOS = YES_AGGRESSIVE;
				GCC_WARN_UNUSED_FUNCTION = YES;
				GCC_WARN_UNUSED_VARIABLE = YES;
				IPHONEOS_DEPLOYMENT_TARGET = 11.3;
				MTL_ENABLE_DEBUG_INFO = NO;
				SDKROOT = iphoneos;
				SWIFT_COMPILATION_MODE = wholemodule;
				SWIFT_OPTIMIZATION_LEVEL = "-O";
				VALIDATE_PRODUCT = YES;
			};
			name = Release;
		};
		D4BC591F2095D00A004F46FD /* Debug */ = {
			isa = XCBuildConfiguration;
			buildSettings = {
				ASSETCATALOG_COMPILER_APPICON_NAME = AppIcon;
				CODE_SIGN_STYLE = Automatic;
				DEVELOPMENT_TEAM = NB6843XNJU;
				INFOPLIST_FILE = imobiles/Info.plist;
				LD_RUNPATH_SEARCH_PATHS = (
					"$(inherited)",
					"@executable_path/Frameworks",
				);
				PRODUCT_BUNDLE_IDENTIFIER = "Mr-sobhi.imobiles";
				PRODUCT_NAME = "$(TARGET_NAME)";
				SWIFT_VERSION = 4.0;
				TARGETED_DEVICE_FAMILY = "1,2";
			};
			name = Debug;
		};
		D4BC59202095D00A004F46FD /* Release */ = {
			isa = XCBuildConfiguration;
			buildSettings = {
				ASSETCATALOG_COMPILER_APPICON_NAME = AppIcon;
				CODE_SIGN_STYLE = Automatic;
				DEVELOPMENT_TEAM = NB6843XNJU;
				INFOPLIST_FILE = imobiles/Info.plist;
				LD_RUNPATH_SEARCH_PATHS = (
					"$(inherited)",
					"@executable_path/Frameworks",
				);
				PRODUCT_BUNDLE_IDENTIFIER = "Mr-sobhi.imobiles";
				PRODUCT_NAME = "$(TARGET_NAME)";
				SWIFT_VERSION = 4.0;
				TARGETED_DEVICE_FAMILY = "1,2";
			};
			name = Release;
		};
/* End XCBuildConfiguration section */

/* Begin XCConfigurationList section */
		D4BC59042095D006004F46FD /* Build configuration list for PBXProject "imobiles" */ = {
			isa = XCConfigurationList;
			buildConfigurations = (
				D4BC591C2095D00A004F46FD /* Debug */,
				D4BC591D2095D00A004F46FD /* Release */,
			);
			defaultConfigurationIsVisible = 0;
			defaultConfigurationName = Release;
		};
		D4BC591E2095D00A004F46FD /* Build configuration list for PBXNativeTarget "imobiles" */ = {
			isa = XCConfigurationList;
			buildConfigurations = (
				D4BC591F2095D00A004F46FD /* Debug */,
				D4BC59202095D00A004F46FD /* Release */,
			);
			defaultConfigurationIsVisible = 0;
			defaultConfigurationName = Release;
		};
/* End XCConfigurationList section */

/* Begin XCVersionGroup section */
		D4BC59132095D006004F46FD /* imobiles.xcdatamodeld */ = {
			isa = XCVersionGroup;
			children = (
				D4BC59142095D006004F46FD /* imobiles.xcdatamodel */,
			);
			currentVersion = D4BC59142095D006004F46FD /* imobiles.xcdatamodel */;
			path = imobiles.xcdatamodeld;
			sourceTree = "<group>";
			versionGroupType = wrapper.xcdatamodel;
		};
/* End XCVersionGroup section */
	};
	rootObject = D4BC59012095D006004F46FD /* Project object */;
}
